
Microsoft Visual Studio Solution File, Format Version 12.00
# Visual Studio 15
VisualStudioVersion = 15.0.26228.9
MinimumVisualStudioVersion = 10.0.40219.1
Project("{FAE04EC0-301F-11D3-BF4B-00C04F79EFBC}") = "test-project", "test-project\test-project.csproj", "{0B4F71D2-D24A-4132-A6B6-93B406CF0B16}"
EndProject
Project("{FAE04EC0-301F-11D3-BF4B-00C04F79EFBC}") = "PMAFileAPI", "PMAFileAPI\PMAFileAPI.csproj", "{75F1F535-D4FE-4937-AFB8-33929D072606}"
EndProject
Global
	GlobalSection(SolutionConfigurationPlatforms) = preSolution
		Debug|Any CPU = Debug|Any CPU
		Release|Any CPU = Release|Any CPU
	EndGlobalSection
	GlobalSection(ProjectConfigurationPlatforms) = postSolution
		{0B4F71D2-D24A-4132-A6B6-93B406CF0B16}.Debug|Any CPU.ActiveCfg = Debug|Any CPU
		{0B4F71D2-D24A-4132-A6B6-93B406CF0B16}.Debug|Any CPU.Build.0 = Debug|Any CPU
		{0B4F71D2-D24A-4132-A6B6-93B406CF0B16}.Release|Any CPU.ActiveCfg = Release|Any CPU
		{0B4F71D2-D24A-4132-A6B6-93B406CF0B16}.Release|Any CPU.Build.0 = Release|Any CPU
		{75F1F535-D4FE-4937-AFB8-33929D072606}.Debug|Any CPU.ActiveCfg = Debug|Any CPU
		{75F1F535-D4FE-4937-AFB8-33929D072606}.Debug|Any CPU.Build.0 = Debug|Any CPU
		{75F1F535-D4FE-4937-AFB8-33929D072606}.Release|Any CPU.ActiveCfg = Release|Any CPU
		{75F1F535-D4FE-4937-AFB8-33929D072606}.Release|Any CPU.Build.0 = Release|Any CPU
	EndGlobalSection
	GlobalSection(SolutionProperties) = preSolution
		HideSolutionNode = FALSE
	EndGlobalSection
EndGlobal
